
Microsoft Visual Studio Solution File, Format Version 12.00
# Visual Studio 2012
Project("{FAE04EC0-301F-11D3-BF4B-00C04F79EFBC}") = "Sphere Studio", "Sphere Studio\Sphere Studio.csproj", "{9CAC2194-E0C8-4164-9D47-627520E79B95}"
EndProject
Project("{FAE04EC0-301F-11D3-BF4B-00C04F79EFBC}") = "Sphere.Plugins", "Sphere.Plugins\Sphere.Plugins.csproj", "{5D04ED42-D252-4FD2-BE00-DF4A2D122BE3}"
	ProjectSection(ProjectDependencies) = postProject
		{F58A8DB0-1879-41D2-A349-4FB8991AF3D2} = {F58A8DB0-1879-41D2-A349-4FB8991AF3D2}
	EndProjectSection
EndProject
Project("{FAE04EC0-301F-11D3-BF4B-00C04F79EFBC}") = "TaskListPlugin", "TaskListPlugin\TaskListPlugin.csproj", "{F7434DEC-A94A-409C-A320-7585B4083A6A}"
	ProjectSection(ProjectDependencies) = postProject
		{F58A8DB0-1879-41D2-A349-4FB8991AF3D2} = {F58A8DB0-1879-41D2-A349-4FB8991AF3D2}
	EndProjectSection
EndProject
Project("{FAE04EC0-301F-11D3-BF4B-00C04F79EFBC}") = "Sphere.Core", "Sphere.Core\Sphere.Core.csproj", "{F58A8DB0-1879-41D2-A349-4FB8991AF3D2}"
EndProject
Project("{FAE04EC0-301F-11D3-BF4B-00C04F79EFBC}") = "ScriptEditPlugin", "ScriptEditPlugin\ScriptEditPlugin.csproj", "{2DA2A233-7DA5-44C6-82CE-045B310A19F8}"
EndProject
Project("{FAE04EC0-301F-11D3-BF4B-00C04F79EFBC}") = "FontEditPlugin", "FontEditPlugin\FontEditPlugin.csproj", "{DD4965DE-8289-4E3F-839E-B008A06B3A97}"
EndProject
Project("{FAE04EC0-301F-11D3-BF4B-00C04F79EFBC}") = "MyPlugin", "MyPlugin\MyPlugin.csproj", "{B320DA5E-0E67-4CE7-97E7-96009014E6EE}"
EndProject
Project("{FAE04EC0-301F-11D3-BF4B-00C04F79EFBC}") = "SoundTestPlugin", "SoundTestPlugin\SoundTestPlugin.csproj", "{F1B89568-607D-4CEC-9C11-6C516D98E2EC}"
EndProject
Project("{FAE04EC0-301F-11D3-BF4B-00C04F79EFBC}") = "FastScriptEditPlugin", "FastScriptEditPlugin\FastScriptEditPlugin.csproj", "{6B3428FE-C5FC-4C04-A93D-9A1EE50FCA2B}"
EndProject
Project("{FAE04EC0-301F-11D3-BF4B-00C04F79EFBC}") = "MapEditPlugin", "MapEditPlugin\MapEditPlugin.csproj", "{E17C35BE-A26F-411D-B814-979017F290DF}"
EndProject
Project("{FAE04EC0-301F-11D3-BF4B-00C04F79EFBC}") = "ImageEditPlugin", "ImageEditPlugin\ImageEditPlugin.csproj", "{83D6D166-7F7D-46CA-81BF-9BAF8E35F6BC}"
EndProject
Project("{FAE04EC0-301F-11D3-BF4B-00C04F79EFBC}") = "WindowstyleEditPlugin", "WindowstyleEditPlugin\WindowstyleEditPlugin.csproj", "{65BCDEEF-C718-492A-8C82-7886A3AF8B7B}"
EndProject
Project("{FAE04EC0-301F-11D3-BF4B-00C04F79EFBC}") = "SpritesetEditPlugin", "SpritesetEditPlugin\SpritesetEditPlugin.csproj", "{9FEA4A11-754F-4F4B-8A85-B0E780F15159}"
EndProject
Global
	GlobalSection(SolutionConfigurationPlatforms) = preSolution
		Debug|Any CPU = Debug|Any CPU
		Debug|x64 = Debug|x64
		Debug|x86 = Debug|x86
		Release|Any CPU = Release|Any CPU
		Release|x64 = Release|x64
		Release|x86 = Release|x86
	EndGlobalSection
	GlobalSection(ProjectConfigurationPlatforms) = postSolution
		{9CAC2194-E0C8-4164-9D47-627520E79B95}.Debug|Any CPU.ActiveCfg = Debug|Any CPU
		{9CAC2194-E0C8-4164-9D47-627520E79B95}.Debug|Any CPU.Build.0 = Debug|Any CPU
		{9CAC2194-E0C8-4164-9D47-627520E79B95}.Debug|x64.ActiveCfg = Debug|x64
		{9CAC2194-E0C8-4164-9D47-627520E79B95}.Debug|x64.Build.0 = Debug|x64
		{9CAC2194-E0C8-4164-9D47-627520E79B95}.Debug|x86.ActiveCfg = Debug|x86
		{9CAC2194-E0C8-4164-9D47-627520E79B95}.Debug|x86.Build.0 = Debug|x86
		{9CAC2194-E0C8-4164-9D47-627520E79B95}.Release|Any CPU.ActiveCfg = Release|Any CPU
		{9CAC2194-E0C8-4164-9D47-627520E79B95}.Release|Any CPU.Build.0 = Release|Any CPU
		{9CAC2194-E0C8-4164-9D47-627520E79B95}.Release|x64.ActiveCfg = Release|x64
		{9CAC2194-E0C8-4164-9D47-627520E79B95}.Release|x64.Build.0 = Release|x64
		{9CAC2194-E0C8-4164-9D47-627520E79B95}.Release|x86.ActiveCfg = Release|x86
		{9CAC2194-E0C8-4164-9D47-627520E79B95}.Release|x86.Build.0 = Release|x86
		{5D04ED42-D252-4FD2-BE00-DF4A2D122BE3}.Debug|Any CPU.ActiveCfg = Debug|Any CPU
		{5D04ED42-D252-4FD2-BE00-DF4A2D122BE3}.Debug|Any CPU.Build.0 = Debug|Any CPU
		{5D04ED42-D252-4FD2-BE00-DF4A2D122BE3}.Debug|x64.ActiveCfg = Debug|x64
		{5D04ED42-D252-4FD2-BE00-DF4A2D122BE3}.Debug|x64.Build.0 = Debug|x64
		{5D04ED42-D252-4FD2-BE00-DF4A2D122BE3}.Debug|x86.ActiveCfg = Debug|x86
		{5D04ED42-D252-4FD2-BE00-DF4A2D122BE3}.Debug|x86.Build.0 = Debug|x86
		{5D04ED42-D252-4FD2-BE00-DF4A2D122BE3}.Release|Any CPU.ActiveCfg = Release|Any CPU
		{5D04ED42-D252-4FD2-BE00-DF4A2D122BE3}.Release|Any CPU.Build.0 = Release|Any CPU
		{5D04ED42-D252-4FD2-BE00-DF4A2D122BE3}.Release|x64.ActiveCfg = Release|x64
		{5D04ED42-D252-4FD2-BE00-DF4A2D122BE3}.Release|x64.Build.0 = Release|x64
		{5D04ED42-D252-4FD2-BE00-DF4A2D122BE3}.Release|x86.ActiveCfg = Release|x86
		{5D04ED42-D252-4FD2-BE00-DF4A2D122BE3}.Release|x86.Build.0 = Release|x86
		{F7434DEC-A94A-409C-A320-7585B4083A6A}.Debug|Any CPU.ActiveCfg = Debug|Any CPU
		{F7434DEC-A94A-409C-A320-7585B4083A6A}.Debug|Any CPU.Build.0 = Debug|Any CPU
		{F7434DEC-A94A-409C-A320-7585B4083A6A}.Debug|x64.ActiveCfg = Debug|x64
		{F7434DEC-A94A-409C-A320-7585B4083A6A}.Debug|x64.Build.0 = Debug|x64
		{F7434DEC-A94A-409C-A320-7585B4083A6A}.Debug|x86.ActiveCfg = Debug|x86
		{F7434DEC-A94A-409C-A320-7585B4083A6A}.Debug|x86.Build.0 = Debug|x86
		{F7434DEC-A94A-409C-A320-7585B4083A6A}.Release|Any CPU.ActiveCfg = Release|Any CPU
		{F7434DEC-A94A-409C-A320-7585B4083A6A}.Release|Any CPU.Build.0 = Release|Any CPU
		{F7434DEC-A94A-409C-A320-7585B4083A6A}.Release|x64.ActiveCfg = Release|x64
		{F7434DEC-A94A-409C-A320-7585B4083A6A}.Release|x64.Build.0 = Release|x64
		{F7434DEC-A94A-409C-A320-7585B4083A6A}.Release|x86.ActiveCfg = Release|x86
		{F7434DEC-A94A-409C-A320-7585B4083A6A}.Release|x86.Build.0 = Release|x86
		{F58A8DB0-1879-41D2-A349-4FB8991AF3D2}.Debug|Any CPU.ActiveCfg = Debug|Any CPU
		{F58A8DB0-1879-41D2-A349-4FB8991AF3D2}.Debug|Any CPU.Build.0 = Debug|Any CPU
		{F58A8DB0-1879-41D2-A349-4FB8991AF3D2}.Debug|x64.ActiveCfg = Debug|x64
		{F58A8DB0-1879-41D2-A349-4FB8991AF3D2}.Debug|x64.Build.0 = Debug|x64
		{F58A8DB0-1879-41D2-A349-4FB8991AF3D2}.Debug|x86.ActiveCfg = Debug|x86
		{F58A8DB0-1879-41D2-A349-4FB8991AF3D2}.Debug|x86.Build.0 = Debug|x86
		{F58A8DB0-1879-41D2-A349-4FB8991AF3D2}.Release|Any CPU.ActiveCfg = Release|Any CPU
		{F58A8DB0-1879-41D2-A349-4FB8991AF3D2}.Release|Any CPU.Build.0 = Release|Any CPU
		{F58A8DB0-1879-41D2-A349-4FB8991AF3D2}.Release|x64.ActiveCfg = Release|x64
		{F58A8DB0-1879-41D2-A349-4FB8991AF3D2}.Release|x64.Build.0 = Release|x64
		{F58A8DB0-1879-41D2-A349-4FB8991AF3D2}.Release|x86.ActiveCfg = Release|x86
		{F58A8DB0-1879-41D2-A349-4FB8991AF3D2}.Release|x86.Build.0 = Release|x86
		{2DA2A233-7DA5-44C6-82CE-045B310A19F8}.Debug|Any CPU.ActiveCfg = Debug|Any CPU
		{2DA2A233-7DA5-44C6-82CE-045B310A19F8}.Debug|Any CPU.Build.0 = Debug|Any CPU
		{2DA2A233-7DA5-44C6-82CE-045B310A19F8}.Debug|x64.ActiveCfg = Debug|x64
		{2DA2A233-7DA5-44C6-82CE-045B310A19F8}.Debug|x64.Build.0 = Debug|x64
		{2DA2A233-7DA5-44C6-82CE-045B310A19F8}.Debug|x86.ActiveCfg = Debug|x86
		{2DA2A233-7DA5-44C6-82CE-045B310A19F8}.Debug|x86.Build.0 = Debug|x86
		{2DA2A233-7DA5-44C6-82CE-045B310A19F8}.Release|Any CPU.ActiveCfg = Release|Any CPU
		{2DA2A233-7DA5-44C6-82CE-045B310A19F8}.Release|Any CPU.Build.0 = Release|Any CPU
		{2DA2A233-7DA5-44C6-82CE-045B310A19F8}.Release|x64.ActiveCfg = Release|x64
		{2DA2A233-7DA5-44C6-82CE-045B310A19F8}.Release|x64.Build.0 = Release|x64
		{2DA2A233-7DA5-44C6-82CE-045B310A19F8}.Release|x86.ActiveCfg = Release|x86
		{2DA2A233-7DA5-44C6-82CE-045B310A19F8}.Release|x86.Build.0 = Release|x86
		{DD4965DE-8289-4E3F-839E-B008A06B3A97}.Debug|Any CPU.ActiveCfg = Debug|Any CPU
		{DD4965DE-8289-4E3F-839E-B008A06B3A97}.Debug|Any CPU.Build.0 = Debug|Any CPU
		{DD4965DE-8289-4E3F-839E-B008A06B3A97}.Debug|x64.ActiveCfg = Debug|x64
		{DD4965DE-8289-4E3F-839E-B008A06B3A97}.Debug|x64.Build.0 = Debug|x64
		{DD4965DE-8289-4E3F-839E-B008A06B3A97}.Debug|x86.ActiveCfg = Debug|x86
		{DD4965DE-8289-4E3F-839E-B008A06B3A97}.Debug|x86.Build.0 = Debug|x86
		{DD4965DE-8289-4E3F-839E-B008A06B3A97}.Release|Any CPU.ActiveCfg = Release|Any CPU
		{DD4965DE-8289-4E3F-839E-B008A06B3A97}.Release|Any CPU.Build.0 = Release|Any CPU
		{DD4965DE-8289-4E3F-839E-B008A06B3A97}.Release|x64.ActiveCfg = Release|x64
		{DD4965DE-8289-4E3F-839E-B008A06B3A97}.Release|x64.Build.0 = Release|x64
		{DD4965DE-8289-4E3F-839E-B008A06B3A97}.Release|x86.ActiveCfg = Release|x86
		{DD4965DE-8289-4E3F-839E-B008A06B3A97}.Release|x86.Build.0 = Release|x86
		{DD4965DE-8289-4E3F-839E-B008A06B3A97}.Release|x86.Deploy.0 = Release|x86
		{B320DA5E-0E67-4CE7-97E7-96009014E6EE}.Debug|Any CPU.ActiveCfg = Debug|Any CPU
		{B320DA5E-0E67-4CE7-97E7-96009014E6EE}.Debug|x64.ActiveCfg = Debug|x64
		{B320DA5E-0E67-4CE7-97E7-96009014E6EE}.Debug|x86.ActiveCfg = Debug|x86
		{B320DA5E-0E67-4CE7-97E7-96009014E6EE}.Release|Any CPU.ActiveCfg = Release|Any CPU
		{B320DA5E-0E67-4CE7-97E7-96009014E6EE}.Release|x64.ActiveCfg = Release|x64
		{B320DA5E-0E67-4CE7-97E7-96009014E6EE}.Release|x86.ActiveCfg = Release|x86
		{F1B89568-607D-4CEC-9C11-6C516D98E2EC}.Debug|Any CPU.ActiveCfg = Debug|Any CPU
		{F1B89568-607D-4CEC-9C11-6C516D98E2EC}.Debug|Any CPU.Build.0 = Debug|Any CPU
		{F1B89568-607D-4CEC-9C11-6C516D98E2EC}.Debug|x64.ActiveCfg = Debug|x64
		{F1B89568-607D-4CEC-9C11-6C516D98E2EC}.Debug|x64.Build.0 = Debug|x64
		{F1B89568-607D-4CEC-9C11-6C516D98E2EC}.Debug|x86.ActiveCfg = Debug|x86
		{F1B89568-607D-4CEC-9C11-6C516D98E2EC}.Debug|x86.Build.0 = Debug|x86
		{F1B89568-607D-4CEC-9C11-6C516D98E2EC}.Release|Any CPU.ActiveCfg = Release|Any CPU
		{F1B89568-607D-4CEC-9C11-6C516D98E2EC}.Release|Any CPU.Build.0 = Release|Any CPU
		{F1B89568-607D-4CEC-9C11-6C516D98E2EC}.Release|x64.ActiveCfg = Release|x64
		{F1B89568-607D-4CEC-9C11-6C516D98E2EC}.Release|x64.Build.0 = Release|x64
		{F1B89568-607D-4CEC-9C11-6C516D98E2EC}.Release|x86.ActiveCfg = Release|x86
		{F1B89568-607D-4CEC-9C11-6C516D98E2EC}.Release|x86.Build.0 = Release|x86
		{6B3428FE-C5FC-4C04-A93D-9A1EE50FCA2B}.Debug|Any CPU.ActiveCfg = Debug|Any CPU
		{6B3428FE-C5FC-4C04-A93D-9A1EE50FCA2B}.Debug|Any CPU.Build.0 = Debug|Any CPU
		{6B3428FE-C5FC-4C04-A93D-9A1EE50FCA2B}.Debug|x64.ActiveCfg = Debug|x64
		{6B3428FE-C5FC-4C04-A93D-9A1EE50FCA2B}.Debug|x64.Build.0 = Debug|x64
		{6B3428FE-C5FC-4C04-A93D-9A1EE50FCA2B}.Debug|x86.ActiveCfg = Debug|x86
		{6B3428FE-C5FC-4C04-A93D-9A1EE50FCA2B}.Debug|x86.Build.0 = Debug|x86
		{6B3428FE-C5FC-4C04-A93D-9A1EE50FCA2B}.Release|Any CPU.ActiveCfg = Release|Any CPU
		{6B3428FE-C5FC-4C04-A93D-9A1EE50FCA2B}.Release|Any CPU.Build.0 = Release|Any CPU
		{6B3428FE-C5FC-4C04-A93D-9A1EE50FCA2B}.Release|x64.ActiveCfg = Release|x64
		{6B3428FE-C5FC-4C04-A93D-9A1EE50FCA2B}.Release|x64.Build.0 = Release|x64
		{6B3428FE-C5FC-4C04-A93D-9A1EE50FCA2B}.Release|x86.ActiveCfg = Release|x86
		{6B3428FE-C5FC-4C04-A93D-9A1EE50FCA2B}.Release|x86.Build.0 = Release|x86
		{E17C35BE-A26F-411D-B814-979017F290DF}.Debug|Any CPU.ActiveCfg = Debug|Any CPU
		{E17C35BE-A26F-411D-B814-979017F290DF}.Debug|Any CPU.Build.0 = Debug|Any CPU
		{E17C35BE-A26F-411D-B814-979017F290DF}.Debug|x64.ActiveCfg = Debug|x64
		{E17C35BE-A26F-411D-B814-979017F290DF}.Debug|x64.Build.0 = Debug|x64
		{E17C35BE-A26F-411D-B814-979017F290DF}.Debug|x86.ActiveCfg = Debug|x86
		{E17C35BE-A26F-411D-B814-979017F290DF}.Debug|x86.Build.0 = Debug|x86
		{E17C35BE-A26F-411D-B814-979017F290DF}.Release|Any CPU.ActiveCfg = Release|Any CPU
		{E17C35BE-A26F-411D-B814-979017F290DF}.Release|Any CPU.Build.0 = Release|Any CPU
		{E17C35BE-A26F-411D-B814-979017F290DF}.Release|x64.ActiveCfg = Release|x64
		{E17C35BE-A26F-411D-B814-979017F290DF}.Release|x64.Build.0 = Release|x64
		{E17C35BE-A26F-411D-B814-979017F290DF}.Release|x86.ActiveCfg = Release|x86
		{E17C35BE-A26F-411D-B814-979017F290DF}.Release|x86.Build.0 = Release|x86
		{83D6D166-7F7D-46CA-81BF-9BAF8E35F6BC}.Debug|Any CPU.ActiveCfg = Debug|Any CPU
		{83D6D166-7F7D-46CA-81BF-9BAF8E35F6BC}.Debug|Any CPU.Build.0 = Debug|Any CPU
		{83D6D166-7F7D-46CA-81BF-9BAF8E35F6BC}.Debug|x64.ActiveCfg = Debug|x64
		{83D6D166-7F7D-46CA-81BF-9BAF8E35F6BC}.Debug|x64.Build.0 = Debug|x64
		{83D6D166-7F7D-46CA-81BF-9BAF8E35F6BC}.Debug|x86.ActiveCfg = Debug|x86
		{83D6D166-7F7D-46CA-81BF-9BAF8E35F6BC}.Debug|x86.Build.0 = Debug|x86
		{83D6D166-7F7D-46CA-81BF-9BAF8E35F6BC}.Release|Any CPU.ActiveCfg = Release|Any CPU
		{83D6D166-7F7D-46CA-81BF-9BAF8E35F6BC}.Release|Any CPU.Build.0 = Release|Any CPU
		{83D6D166-7F7D-46CA-81BF-9BAF8E35F6BC}.Release|x64.ActiveCfg = Release|x64
		{83D6D166-7F7D-46CA-81BF-9BAF8E35F6BC}.Release|x64.Build.0 = Release|x64
		{83D6D166-7F7D-46CA-81BF-9BAF8E35F6BC}.Release|x86.ActiveCfg = Release|x86
		{83D6D166-7F7D-46CA-81BF-9BAF8E35F6BC}.Release|x86.Build.0 = Release|x86
		{65BCDEEF-C718-492A-8C82-7886A3AF8B7B}.Debug|Any CPU.ActiveCfg = Debug|Any CPU
		{65BCDEEF-C718-492A-8C82-7886A3AF8B7B}.Debug|Any CPU.Build.0 = Debug|Any CPU
		{65BCDEEF-C718-492A-8C82-7886A3AF8B7B}.Debug|x64.ActiveCfg = Debug|x64
		{65BCDEEF-C718-492A-8C82-7886A3AF8B7B}.Debug|x64.Build.0 = Debug|x64
		{65BCDEEF-C718-492A-8C82-7886A3AF8B7B}.Debug|x86.ActiveCfg = Debug|x86
		{65BCDEEF-C718-492A-8C82-7886A3AF8B7B}.Debug|x86.Build.0 = Debug|x86
		{65BCDEEF-C718-492A-8C82-7886A3AF8B7B}.Release|Any CPU.ActiveCfg = Release|Any CPU
		{65BCDEEF-C718-492A-8C82-7886A3AF8B7B}.Release|Any CPU.Build.0 = Release|Any CPU
		{65BCDEEF-C718-492A-8C82-7886A3AF8B7B}.Release|x64.ActiveCfg = Release|x64
		{65BCDEEF-C718-492A-8C82-7886A3AF8B7B}.Release|x64.Build.0 = Release|x64
		{65BCDEEF-C718-492A-8C82-7886A3AF8B7B}.Release|x86.ActiveCfg = Release|x86
		{65BCDEEF-C718-492A-8C82-7886A3AF8B7B}.Release|x86.Build.0 = Release|x86
		{9FEA4A11-754F-4F4B-8A85-B0E780F15159}.Debug|Any CPU.ActiveCfg = Debug|Any CPU
		{9FEA4A11-754F-4F4B-8A85-B0E780F15159}.Debug|Any CPU.Build.0 = Debug|Any CPU
		{9FEA4A11-754F-4F4B-8A85-B0E780F15159}.Debug|x64.ActiveCfg = Debug|x64
		{9FEA4A11-754F-4F4B-8A85-B0E780F15159}.Debug|x64.Build.0 = Debug|x64
		{9FEA4A11-754F-4F4B-8A85-B0E780F15159}.Debug|x86.ActiveCfg = Debug|x86
		{9FEA4A11-754F-4F4B-8A85-B0E780F15159}.Debug|x86.Build.0 = Debug|x86
		{9FEA4A11-754F-4F4B-8A85-B0E780F15159}.Release|Any CPU.ActiveCfg = Release|Any CPU
		{9FEA4A11-754F-4F4B-8A85-B0E780F15159}.Release|Any CPU.Build.0 = Release|Any CPU
		{9FEA4A11-754F-4F4B-8A85-B0E780F15159}.Release|x64.ActiveCfg = Release|x64
		{9FEA4A11-754F-4F4B-8A85-B0E780F15159}.Release|x64.Build.0 = Release|x64
		{9FEA4A11-754F-4F4B-8A85-B0E780F15159}.Release|x86.ActiveCfg = Release|x86
		{9FEA4A11-754F-4F4B-8A85-B0E780F15159}.Release|x86.Build.0 = Release|x86
	EndGlobalSection
	GlobalSection(SolutionProperties) = preSolution
		HideSolutionNode = FALSE
	EndGlobalSection
EndGlobal
