
Microsoft Visual Studio Solution File, Format Version 11.00
# Visual Studio 2010
Project("{FAE04EC0-301F-11D3-BF4B-00C04F79EFBC}") = "Sphere Editor", "Sphere Editor\Sphere Editor.csproj", "{9CAC2194-E0C8-4164-9D47-627520E79B95}"
EndProject
Project("{FAE04EC0-301F-11D3-BF4B-00C04F79EFBC}") = "Sphere.Plugins", "Sphere.Plugins\Sphere.Plugins.csproj", "{5D04ED42-D252-4FD2-BE00-DF4A2D122BE3}"
	ProjectSection(ProjectDependencies) = postProject
		{F58A8DB0-1879-41D2-A349-4FB8991AF3D2} = {F58A8DB0-1879-41D2-A349-4FB8991AF3D2}
	EndProjectSection
EndProject
Project("{FAE04EC0-301F-11D3-BF4B-00C04F79EFBC}") = "TaskPlugin", "TaskPlugin\TaskPlugin.csproj", "{F7434DEC-A94A-409C-A320-7585B4083A6A}"
	ProjectSection(ProjectDependencies) = postProject
		{F58A8DB0-1879-41D2-A349-4FB8991AF3D2} = {F58A8DB0-1879-41D2-A349-4FB8991AF3D2}
	EndProjectSection
EndProject
Project("{FAE04EC0-301F-11D3-BF4B-00C04F79EFBC}") = "Sphere.Core", "Sphere.Core\Sphere.Core.csproj", "{F58A8DB0-1879-41D2-A349-4FB8991AF3D2}"
EndProject
Project("{FAE04EC0-301F-11D3-BF4B-00C04F79EFBC}") = "ScriptPlugin", "ScriptPlugin\ScriptPlugin.csproj", "{2DA2A233-7DA5-44C6-82CE-045B310A19F8}"
EndProject
Global
	GlobalSection(SolutionConfigurationPlatforms) = preSolution
		Debug|Any CPU = Debug|Any CPU
		Debug|x64 = Debug|x64
		Debug|x86 = Debug|x86
		Release|Any CPU = Release|Any CPU
		Release|x64 = Release|x64
		Release|x86 = Release|x86
	EndGlobalSection
	GlobalSection(ProjectConfigurationPlatforms) = postSolution
		{9CAC2194-E0C8-4164-9D47-627520E79B95}.Debug|Any CPU.ActiveCfg = Debug|Any CPU
		{9CAC2194-E0C8-4164-9D47-627520E79B95}.Debug|Any CPU.Build.0 = Debug|Any CPU
		{9CAC2194-E0C8-4164-9D47-627520E79B95}.Debug|x64.ActiveCfg = Debug|x64
		{9CAC2194-E0C8-4164-9D47-627520E79B95}.Debug|x64.Build.0 = Debug|x64
		{9CAC2194-E0C8-4164-9D47-627520E79B95}.Debug|x86.ActiveCfg = Debug|x86
		{9CAC2194-E0C8-4164-9D47-627520E79B95}.Debug|x86.Build.0 = Debug|x86
		{9CAC2194-E0C8-4164-9D47-627520E79B95}.Release|Any CPU.ActiveCfg = Release|x86
		{9CAC2194-E0C8-4164-9D47-627520E79B95}.Release|Any CPU.Build.0 = Release|x86
		{9CAC2194-E0C8-4164-9D47-627520E79B95}.Release|x64.ActiveCfg = Release|x64
		{9CAC2194-E0C8-4164-9D47-627520E79B95}.Release|x64.Build.0 = Release|x64
		{9CAC2194-E0C8-4164-9D47-627520E79B95}.Release|x86.ActiveCfg = Release|x86
		{9CAC2194-E0C8-4164-9D47-627520E79B95}.Release|x86.Build.0 = Release|x86
		{5D04ED42-D252-4FD2-BE00-DF4A2D122BE3}.Debug|Any CPU.ActiveCfg = Debug|Any CPU
		{5D04ED42-D252-4FD2-BE00-DF4A2D122BE3}.Debug|Any CPU.Build.0 = Debug|Any CPU
		{5D04ED42-D252-4FD2-BE00-DF4A2D122BE3}.Debug|x64.ActiveCfg = Debug|Any CPU
		{5D04ED42-D252-4FD2-BE00-DF4A2D122BE3}.Debug|x86.ActiveCfg = Debug|Any CPU
		{5D04ED42-D252-4FD2-BE00-DF4A2D122BE3}.Release|Any CPU.ActiveCfg = Release|Any CPU
		{5D04ED42-D252-4FD2-BE00-DF4A2D122BE3}.Release|Any CPU.Build.0 = Release|Any CPU
		{5D04ED42-D252-4FD2-BE00-DF4A2D122BE3}.Release|x64.ActiveCfg = Release|Any CPU
		{5D04ED42-D252-4FD2-BE00-DF4A2D122BE3}.Release|x86.ActiveCfg = Release|Any CPU
		{F7434DEC-A94A-409C-A320-7585B4083A6A}.Debug|Any CPU.ActiveCfg = Debug|Any CPU
		{F7434DEC-A94A-409C-A320-7585B4083A6A}.Debug|Any CPU.Build.0 = Debug|Any CPU
		{F7434DEC-A94A-409C-A320-7585B4083A6A}.Debug|x64.ActiveCfg = Debug|Any CPU
		{F7434DEC-A94A-409C-A320-7585B4083A6A}.Debug|x86.ActiveCfg = Debug|Any CPU
		{F7434DEC-A94A-409C-A320-7585B4083A6A}.Release|Any CPU.ActiveCfg = Release|Any CPU
		{F7434DEC-A94A-409C-A320-7585B4083A6A}.Release|Any CPU.Build.0 = Release|Any CPU
		{F7434DEC-A94A-409C-A320-7585B4083A6A}.Release|x64.ActiveCfg = Release|Any CPU
		{F7434DEC-A94A-409C-A320-7585B4083A6A}.Release|x86.ActiveCfg = Release|Any CPU
		{F58A8DB0-1879-41D2-A349-4FB8991AF3D2}.Debug|Any CPU.ActiveCfg = Debug|Any CPU
		{F58A8DB0-1879-41D2-A349-4FB8991AF3D2}.Debug|Any CPU.Build.0 = Debug|Any CPU
		{F58A8DB0-1879-41D2-A349-4FB8991AF3D2}.Debug|x64.ActiveCfg = Debug|Any CPU
		{F58A8DB0-1879-41D2-A349-4FB8991AF3D2}.Debug|x86.ActiveCfg = Debug|Any CPU
		{F58A8DB0-1879-41D2-A349-4FB8991AF3D2}.Release|Any CPU.ActiveCfg = Release|Any CPU
		{F58A8DB0-1879-41D2-A349-4FB8991AF3D2}.Release|Any CPU.Build.0 = Release|Any CPU
		{F58A8DB0-1879-41D2-A349-4FB8991AF3D2}.Release|x64.ActiveCfg = Release|Any CPU
		{F58A8DB0-1879-41D2-A349-4FB8991AF3D2}.Release|x86.ActiveCfg = Release|Any CPU
		{2DA2A233-7DA5-44C6-82CE-045B310A19F8}.Debug|Any CPU.ActiveCfg = Debug|Any CPU
		{2DA2A233-7DA5-44C6-82CE-045B310A19F8}.Debug|Any CPU.Build.0 = Debug|Any CPU
		{2DA2A233-7DA5-44C6-82CE-045B310A19F8}.Debug|x64.ActiveCfg = Debug|Any CPU
		{2DA2A233-7DA5-44C6-82CE-045B310A19F8}.Debug|x86.ActiveCfg = Debug|Any CPU
		{2DA2A233-7DA5-44C6-82CE-045B310A19F8}.Release|Any CPU.ActiveCfg = Release|Any CPU
		{2DA2A233-7DA5-44C6-82CE-045B310A19F8}.Release|Any CPU.Build.0 = Release|Any CPU
		{2DA2A233-7DA5-44C6-82CE-045B310A19F8}.Release|x64.ActiveCfg = Release|Any CPU
		{2DA2A233-7DA5-44C6-82CE-045B310A19F8}.Release|x86.ActiveCfg = Release|Any CPU
	EndGlobalSection
	GlobalSection(SolutionProperties) = preSolution
		HideSolutionNode = FALSE
	EndGlobalSection
EndGlobal
